{
  "lockfileVersion": 1,
  "configVersion": 1,
  "workspaces": {
    "": {
      "name": "bunradio",
      "dependencies": {
        "blessed": "^0.1.81",
        "inquirer": "^14.2.1",
        "mcp-lite": "^0.10.0",
        "zod": "^4.4.3",
      },
      "devDependencies": {
        "@types/blessed": "^0.1.27",
        "@types/bun": "latest",
      },
      "peerDependencies": {
        "typescript": "^5",
      },
    },
  },
  "packages": {
    "@inquirer/ansi": ["@inquirer/ansi@2.0.8", "", {}, "sha512-WpQM+Ti6Z40EFwwt+uL2p4UabT+W179zHp6HhLVOzfbwnVn05IPO/eXIZXGNqcT1jbQ15SujNLzQ39k4QPPxBQ=="],

    "@inquirer/checkbox": ["@inquirer/checkbox@5.2.4", "", { "dependencies": { "@inquirer/ansi": "^2.0.8", "@inquirer/core": "^12.0.2", "@inquirer/figures": "^2.0.9", "@inquirer/type": "4.1.1" }, "peerDependencies": { "@types/node": ">=18" }, "optionalPeers": ["@types/node"] }, "sha512-oKT5RNeO9oKYizSyOxKb66IrKUsYVMQD2tnjllYW4wmSOe9WawfL3OE2p82JuvAyo+/nDIEem5P4Bm/ZIVYVew=="],

    "@inquirer/confirm": ["@inquirer/confirm@6.3.1", "", { "dependencies": { "@inquirer/core": "^12.0.2", "@inquirer/type": "4.1.1" }, "peerDependencies": { "@types/node": ">=18" }, "optionalPeers": ["@types/node"] }, "sha512-HvnOHal39DTenOVoRpIy8Z+n4YYfNa3Qhi/P8zFqn9/d1crpmQG0DPx34rwOeOFvotgKr9Vov/14OmKR/Iwfjw=="],

    "@inquirer/core": ["@inquirer/core@12.0.2", "", { "dependencies": { "@inquirer/ansi": "^2.0.8", "@inquirer/figures": "^2.0.9", "@inquirer/type": "4.1.1", "cli-width": "^4.1.0", "fast-wrap-ansi": "^0.2.0", "mute-stream": "^3.0.0", "signal-exit": "^4.1.0" }, "peerDependencies": { "@types/node": ">=18" }, "optionalPeers": ["@types/node"] }, "sha512-9pBhkxE14uUlnHhs8lOt7qVPtS4caRY6CjADl8COejl9Mf7w8i6Uoe3DrljCqYtmYM3Iv2Q6EmPxx/oTYbvTAQ=="],

    "@inquirer/editor": ["@inquirer/editor@5.3.2", "", { "dependencies": { "@inquirer/core": "^12.0.2", "@inquirer/external-editor": "^3.0.5", "@inquirer/type": "4.1.1" }, "peerDependencies": { "@types/node": ">=18" }, "optionalPeers": ["@types/node"] }, "sha512-7ruKO5d/wxhGHxdCQ3eyP/aBNrPTZ+Ju7ERtnAwuIsu0RSLs6kotlTRkOxHatbD6sDaEEdwsD82pzFiT9ESIyQ=="],

    "@inquirer/expand": ["@inquirer/expand@5.1.4", "", { "dependencies": { "@inquirer/core": "^12.0.2", "@inquirer/type": "4.1.1" }, "peerDependencies": { "@types/node": ">=18" }, "optionalPeers": ["@types/node"] }, "sha512-12o4aYnjWouoq0fyVhYIL+hwXAaga+kntA/wrijFmVvn2heinkdvkbEXRt1Ob/9IOJ285US5tntjfI/Ukt2YkA=="],

    "@inquirer/external-editor": ["@inquirer/external-editor@3.0.5", "", { "dependencies": { "chardet": "^2.1.1", "iconv-lite": "^0.7.2" }, "peerDependencies": { "@types/node": ">=18" }, "optionalPeers": ["@types/node"] }, "sha512-f3QQJRIX5ZEneBHNUIuPjmbdzHnmRFJA8r2dkcb8q+OM5Uv5KtnuAttQumnrjcBVBM3mcTX1CkmtAkU58VRZxg=="],

    "@inquirer/figures": ["@inquirer/figures@2.0.9", "", {}, "sha512-EAWgUTGQ/Umgga51dE3B2PUHbufuXarDfg86uVgoSgNHNNQnyFKcOrQLWVqYMghuSyHh8+2HUH0Js9cTC1WAdg=="],

    "@inquirer/input": ["@inquirer/input@5.1.5", "", { "dependencies": { "@inquirer/core": "^12.0.2", "@inquirer/type": "4.1.1" }, "peerDependencies": { "@types/node": ">=18" }, "optionalPeers": ["@types/node"] }, "sha512-2MkYYFD1Owt1eRBwHhsLSutysRodWasA4DVpl42KJKGmzwBTXRYAIXujisrt0UW0UohUlMjNjLfMDbw4emRbfw=="],

    "@inquirer/number": ["@inquirer/number@4.2.2", "", { "dependencies": { "@inquirer/core": "^12.0.2", "@inquirer/type": "4.1.1" }, "peerDependencies": { "@types/node": ">=18" }, "optionalPeers": ["@types/node"] }, "sha512-tjW1gMIQsFb/9Ie11i8SpuPARBdyCVfC5XOeVugWovrdm8CpjzN+A1CBX5QwCCN2mtNmpgDDCnuLCCT94cQ5zA=="],

    "@inquirer/password": ["@inquirer/password@5.2.1", "", { "dependencies": { "@inquirer/ansi": "^2.0.8", "@inquirer/core": "^12.0.2", "@inquirer/type": "4.1.1" }, "peerDependencies": { "@types/node": ">=18" }, "optionalPeers": ["@types/node"] }, "sha512-InA6nJxMCXPavPBiTKYHIsYiWz/mkIsk1rkI6pKp5w18gVawqrZOj7eSzSmPJa3j0pVxXm6RlrFP1BE9YeOixA=="],

    "@inquirer/prompts": ["@inquirer/prompts@8.7.1", "", { "dependencies": { "@inquirer/checkbox": "^5.2.4", "@inquirer/confirm": "^6.3.1", "@inquirer/editor": "^5.3.2", "@inquirer/expand": "^5.1.4", "@inquirer/input": "^5.1.5", "@inquirer/number": "^4.2.2", "@inquirer/password": "^5.2.1", "@inquirer/rawlist": "^5.3.4", "@inquirer/search": "^4.3.2", "@inquirer/select": "^5.2.4" }, "peerDependencies": { "@types/node": ">=18" }, "optionalPeers": ["@types/node"] }, "sha512-xJIKWyrFNUKj3R5VEub/iKodG9Sh/MbCeApZUbATJgHTw8YoAJ2gOT78HlvO6NMFiRvjm6ySM7aiAew/zVY0Sw=="],

    "@inquirer/rawlist": ["@inquirer/rawlist@5.3.4", "", { "dependencies": { "@inquirer/core": "^12.0.2", "@inquirer/type": "4.1.1" }, "peerDependencies": { "@types/node": ">=18" }, "optionalPeers": ["@types/node"] }, "sha512-c4fDwOpQsjJDHjXdHJE1/xXH6w9/BAiyu3QKzH9Ww5Xm1q37mzyUNa20L7qdtM1ECi4e+oUEKjhK8hR37OMAMQ=="],

    "@inquirer/search": ["@inquirer/search@4.3.2", "", { "dependencies": { "@inquirer/core": "^12.0.2", "@inquirer/figures": "^2.0.9", "@inquirer/type": "4.1.1" }, "peerDependencies": { "@types/node": ">=18" }, "optionalPeers": ["@types/node"] }, "sha512-YIaEhWmfkdHEWOKwhF/oJar35FFTTrAdzNbJDo9lSsRT6E/obRPx9oVm4rkTMtlcJSqGYttNtLbcHQef9Qw2yw=="],

    "@inquirer/select": ["@inquirer/select@5.2.4", "", { "dependencies": { "@inquirer/ansi": "^2.0.8", "@inquirer/core": "^12.0.2", "@inquirer/figures": "^2.0.9", "@inquirer/type": "4.1.1" }, "peerDependencies": { "@types/node": ">=18" }, "optionalPeers": ["@types/node"] }, "sha512-L9ubNaJdoBsiom/AfPKq0QLHTkhhCFCtszzdVidGremrlJjPZfGlmvp+IULKIbnYjtVFWnvb4mhiEdNTZ12ugA=="],

    "@inquirer/type": ["@inquirer/type@4.1.1", "", { "peerDependencies": { "@types/node": ">=18" }, "optionalPeers": ["@types/node"] }, "sha512-yJoHYrMnxIsJZCY+0Vb66Dy3he3kL3e2wOBKhoSwWWAzZAY82emlxwgprCtp6yRixvNRNq9ztfRWQYPNr3Go7A=="],

    "@standard-schema/spec": ["@standard-schema/spec@1.1.0", "", {}, "sha512-l2aFy5jALhniG5HgqrD6jXLi/rUWrKvqN/qJx6yoJsgKhblVd+iqqU4RCXavm/jPityDo5TCvKMnpjKnOriy0w=="],

    "@types/blessed": ["@types/blessed@0.1.27", "", { "dependencies": { "@types/node": "*" } }, "sha512-ZOQGjLvWDclAXp0rW5iuUBXeD6Gr1PkitN7tj7/G8FCoSzTsij6OhXusOzMKhwrZ9YlL2Pmu0d6xJ9zVvk+Hsg=="],

    "@types/bun": ["@types/bun@1.3.14", "", { "dependencies": { "bun-types": "1.3.14" } }, "sha512-h1hFqFVcvAvD9j9K7ZW7vd82aSA+rTdznZa+5bwvCwqSB1jmmfLcbIWhOLx1/+boy/xmjgCs/OMUL8hRJSmnPw=="],

    "@types/node": ["@types/node@26.1.1", "", { "dependencies": { "undici-types": "~8.3.0" } }, "sha512-nxAkRSVkN1Y0JC1W8ky/fTfkGsMmcrRsbx+3XoZE+rMOX71kLYTV7fLXpqud1GpbpP5TuffXFqfX7fH2GgZREw=="],

    "blessed": ["blessed@0.1.81", "", { "bin": { "blessed": "./bin/tput.js" } }, "sha512-LoF5gae+hlmfORcG1M5+5XZi4LBmvlXTzwJWzUlPryN/SJdSflZvROM2TwkT0GMpq7oqT48NRd4GS7BiVBc5OQ=="],

    "bun-types": ["bun-types@1.3.14", "", { "dependencies": { "@types/node": "*" } }, "sha512-4N0ig0fEomHt5R0KCFWjovxow98rIoRwKolrYdCcknNwMekCXRnWEUvgu5soYV8QXtVsrUD8B95MBOZGPvr6KQ=="],

    "chardet": ["chardet@2.2.0", "", {}, "sha512-rddelWYNPRrXq6PtNEN2S3f6t9ILzvqaN5pVgi4kqt9jHQaXIial9PznB5iSPVlQSLNaaH22ItWz3EJtQ10+OA=="],

    "cli-width": ["cli-width@4.1.0", "", {}, "sha512-ouuZd4/dm2Sw5Gmqy6bGyNNNe1qt9RpmxveLSO7KcgsTnU7RXfsw+/bukWGo1abgBiMAic068rclZsO4IWmmxQ=="],

    "fast-string-truncated-width": ["fast-string-truncated-width@3.0.3", "", {}, "sha512-0jjjIEL6+0jag3l2XWWizO64/aZVtpiGE3t0Zgqxv0DPuxiMjvB3M24fCyhZUO4KomJQPj3LTSUnDP3GpdwC0g=="],

    "fast-string-width": ["fast-string-width@3.0.2", "", { "dependencies": { "fast-string-truncated-width": "^3.0.2" } }, "sha512-gX8LrtNEI5hq8DVUfRQMbr5lpaS4nMIWV+7XEbXk2b8kiQIizgnlr12B4dA3ZEx3308ze0O4Q1R+cHts8kyUJg=="],

    "fast-wrap-ansi": ["fast-wrap-ansi@0.2.2", "", { "dependencies": { "fast-string-width": "^3.0.2" } }, "sha512-7F2Fl+TjRSenLqlU3UjSH0iyqopqoZIu7eZVpEirP2g1GtWa2G/ecEmBdgz31+Mxr+ELclgg6sokpSFIQiZ02Q=="],

    "iconv-lite": ["iconv-lite@0.7.3", "", { "dependencies": { "safer-buffer": ">= 2.1.2 < 3.0.0" } }, "sha512-IKXpvIzjnC9XTAUbVBcMfGS0EPaIXtW6v+zr+RRp+hqULEpo0owZax6wyRwPOJbWbzjYspQwusTsfVr0ifh4uQ=="],

    "inquirer": ["inquirer@14.2.1", "", { "dependencies": { "@inquirer/ansi": "^2.0.8", "@inquirer/core": "^12.0.2", "@inquirer/prompts": "^8.7.1", "@inquirer/type": "4.1.1", "mute-stream": "^3.0.0", "run-async": "^4.0.6" }, "peerDependencies": { "@types/node": ">=18" }, "optionalPeers": ["@types/node"] }, "sha512-jLO8986l0/jW+K2Y5BHAhrD6ztnm8MHQgnTI5BwKV6can/LN6xYBcLbtUSvDt1jXNTASwCZszZk0ZBUT5YmH6Q=="],

    "mcp-lite": ["mcp-lite@0.10.0", "", { "dependencies": { "@standard-schema/spec": "^1.0.0" } }, "sha512-ts1PgXO5+MER3W77YjYUMqngF45l6eyh2V4Vc0O4S+oKU55ghvd3Q+/XpA4kqtMISqI9v5s1E8pChDICudxwXQ=="],

    "mute-stream": ["mute-stream@3.0.0", "", {}, "sha512-dkEJPVvun4FryqBmZ5KhDo0K9iDXAwn08tMLDinNdRBNPcYEDiWYysLcc6k3mjTMlbP9KyylvRpd4wFtwrT9rw=="],

    "run-async": ["run-async@4.0.6", "", {}, "sha512-IoDlSLTs3Yq593mb3ZoKWKXMNu3UpObxhgA/Xuid5p4bbfi2jdY1Hj0m1K+0/tEuQTxIGMhQDqGjKb7RuxGpAQ=="],

    "safer-buffer": ["safer-buffer@2.1.2", "", {}, "sha512-YZo3K82SD7Riyi0E1EQPojLz7kpepnSQI9IyPbHHg1XXXevb5dJI7tpyN2ADxGcQbHG7vcyRHk0cbwqcQriUtg=="],

    "signal-exit": ["signal-exit@4.1.0", "", {}, "sha512-bzyZ1e88w9O1iNJbKnOlvYTrWPDl46O1bG0D3XInv+9tkPrxrN8jUUTiFlDkkmKWgn1M6CfIA13SuGqOa9Korw=="],

    "typescript": ["typescript@5.9.3", "", { "bin": { "tsc": "bin/tsc", "tsserver": "bin/tsserver" } }, "sha512-jl1vZzPDinLr9eUt3J/t7V6FgNEw9QjvBPdysz9KfQDD41fQrC2Y4vKQdiaUpFT4bXlb1RHhLpp8wtm6M5TgSw=="],

    "undici-types": ["undici-types@8.3.0", "", {}, "sha512-j375ScV60dom+YkPFIfTLcOiPxkN/buHz5GobjLhixFuANaNs3C9l4GmrWqejgXWJ7BbJcFYpTEUkS1Ge8bpZQ=="],

    "zod": ["zod@4.4.3", "", {}, "sha512-ytENFjIJFl2UwYglde2jchW2Hwm4GJFLDiSXWdTrJQBIN9Fcyp7n4DhxJEiWNAJMV1/BqWfW/kkg71UDcHJyTQ=="],
  }
}
